lockfileVersion: 5.3

specifiers:
  '@types/node': '14'

devDependencies:
  '@types/node': registry.npmmirror.com/@types/node/14.18.12

packages:

  registry.npmmirror.com/@types/node/14.18.12:
    resolution: {integrity: sha512-q4jlIR71hUpWTnGhXWcakgkZeHa3CCjcQcnuzU8M891BAWA2jHiziiWEPEkdS5pFsz7H9HJiy8BrK7tBRNrY7A==, registry: https://registry.npm.taobao.org/, tarball: https://registry.npmmirror.com/@types/node/-/node-14.18.12.tgz}
    name: '@types/node'
    version: 14.18.12
    dev: true
