github.com/jchv/go-webview-selector v0.0.0-20220126075917-13df59bce3cf h1:LfCNdIjo0pYj7ChAEkRZKPW/GKOzQLGqz/8CbDTxBvE=
github.com/jchv/go-webview-selector v0.0.0-20220126075917-13df59bce3cf/go.mod h1:RfUO9QcPUZ27qVS+rq9SYhhjsVNiolWwaIQdNjqFUsQ=
github.com/jchv/go-webview2 v0.0.0-20220126073738-2ea27096a5eb h1:oKKhiqJVbFqiPo+cj7zmY/R8AaOxgLQixUAOP/bKuRM=
github.com/jchv/go-webview2 v0.0.0-20220126073738-2ea27096a5eb/go.mod h1:/BNVc0Sw3Wj6Sz9uSxPwhCEUhhWs92hPde75K2YV24A=
github.com/jchv/go-winloader v0.0.0-20200815041850-dec1ee9a7fd5 h1:pdFFlHXY9tZXmJz+tRSm1DzYEH4ebha7cffmm607bMU=
github.com/jchv/go-winloader v0.0.0-20200815041850-dec1ee9a7fd5/go.mod h1:alcuEEnZsY1WQsagKhZDsoPCRoOijYqhZvPwLG0kzVs=
github.com/webview/webview v0.0.0-20220509021302-b158f065f118 h1:lgpaKcYp0gRPpMSf802LTR6LMmqeomGmzBd48kaAZrU=
github.com/webview/webview v0.0.0-20220509021302-b158f065f118/go.mod h1:rpXAuuHgyEJb6kXcXldlkOjU6y4x+YcASKKXJNUhh0Y=
golang.org/x/sys v0.0.0-20200810151505-1b9f1253b3ed/go.mod h1:h1NjWce9XRLGQEsW7wpKNCjG9DtNlClVuFLEZdDNbEs=
golang.org/x/sys v0.0.0-20210218145245-beda7e5e158e h1:f5mksnk+hgXHnImpZoWj64ja99j9zV7YUgrVG95uFE4=
golang.org/x/sys v0.0.0-20210218145245-beda7e5e158e/go.mod h1:h1NjWce9XRLGQEsW7wpKNCjG9DtNlClVuFLEZdDNbEs=
